{
  "name": "tienda-perritos-backend",
  "version": "1.0.0",
  "lockfileVersion": 3,
  "requires": true,
  "packages": {
    "": {
      "name": "tienda-perritos-backend",
      "version": "1.0.0",
      "dependencies": {
        "cors": "^2.8.5",
        "express": "^4.19.0",
        "pg": "^8.11.0"
      }
    },
    "node_modules/accept-language-parser": {
      "version": "1.5.0",
      "resolved": "https://registry.npmjs.org/accept-language-parser/-/accept-language-parser-1.5.0.tgz",
      "integrity": "sha512-4BEalipqd+UVJ9h/r8sANJ2v1eIsVFH8bFMo7qO7SxnUltra3v81zwqaBolVNLFywSAWc32i/O7nl7zlecKlVA=="
    },
    "node_modules/array-flatten": {
      "version": "1.1.1",
      "resolved": "https://registry.npmjs.org/array-flatten/-/array-flatten-1.1.1.tgz",
      "integrity": "sha512-PCVAQswWemu6UdxsDFFX/+gVeYqKAod3D3UVm91jHQY0ZJSqstc5SNPiPnRAZMucRiZstElQMroqQ0YQkrQU7w=="
    },
    "node_modules/body-parser": {
      "version": "1.20.2",
      "resolved": "https://registry.npmjs.org/body-parser/-/body-parser-1.20.2.tgz",
      "integrity": "sha512-ml9pReCu3M61kPZn0Aw4aTwxA/bPT4Z2q3YoP0m0lEQTJhx/25lje2z51/uts8psfnZWc17CofLaiG4ad+AxqA=="
    },
    "node_modules/bytes": {
      "version": "3.1.2",
      "resolved": "https://registry.npmjs.org/bytes/-/bytes-3.1.2.tgz",
      "integrity": "sha512-/Nf7TyzpQWYDlUccoPrzh3YYulezjToBbNGM/iA1d04KlO5t4d0mz76BrYTToh/5uCP9QnYIPmweQm/xICeGbQ=="
    },
    "node_modules/call-bind": {
      "version": "1.0.5",
      "resolved": "https://registry.npmjs.org/call-bind/-/call-bind-1.0.5.tgz",
      "integrity": "sha512-C3nQxfFZqvrad4KkqqxkYQrzF33CtInHUJLicioLlSztzo+Y8pr3P6qLereVZuTLE9G0RBUapqPOPVMO+2APbA=="
    },
    "node_modules/content-disposition": {
      "version": "0.5.4",
      "resolved": "https://registry.npmjs.org/content-disposition/-/content-disposition-0.5.4.tgz",
      "integrity": "sha512-FveZTNuGw04cxlAiWbzi6zTAL/lhehaWbTtgluQvxFZn7P7cwuHMDXUUbTjJ2m0XwHyqsH56GsDA0Org50ZZkw=="
    },
    "node_modules/content-type": {
      "version": "1.0.5",
      "resolved": "https://registry.npmjs.org/content-type/-/content-type-1.0.5.tgz",
      "integrity": "sha512-nTjqfcBFEipKdXyv5Z5KL7BkJbRvHr5/4KNnvX3d8UkshaX3CWY00JGIqoM9XL2tiO+t+119y5c3iH4masfsTA=="
    },
    "node_modules/cookie": {
      "version": "0.6.0",
      "resolved": "https://registry.npmjs.org/cookie/-/cookie-0.6.0.tgz",
      "integrity": "sha512-U7E6Z1JJChLiMmwSS+98LIHNbS30saUhvIaudIQaEn3BlQJ+aNLDyOaWd2Up+fSrW+4XYskqL0fqVnKJl3jlOA=="
    },
    "node_modules/cookie-signature": {
      "version": "1.0.6",
      "resolved": "https://registry.npmjs.org/cookie-signature/-/cookie-signature-1.0.6.tgz",
      "integrity": "sha512-Eo7V7W0tln6FkPmB0olOSO2QRiIvnvAL80ZwnjxZgLFj4NFUMcv8l8UtzRVDYWbhNYs2xV7lzc6kKgl21U8vHw=="
    },
    "node_modules/cors": {
      "version": "2.8.5",
      "resolved": "https://registry.npmjs.org/cors/-/cors-2.8.5.tgz",
      "integrity": "sha512-KIHbLJqu73RGr/hnbrO9uBxyStorm5/AN2F86Y0BrynrolyJw9csNlQ0498G2vyF3qKdlleCLv3MeCVWuVsmLw=="
    },
    "node_modules/debug": {
      "version": "2.6.9",
      "resolved": "https://registry.npmjs.org/debug/-/debug-2.6.9.tgz",
      "integrity": "sha512-bC7sILetsBXt8s3gkLlW3QaDLqyVrcIQUstAgUQWPjsFPf/DfQ5en1P61PhnGm3meC+T9LWZsE9lw9ZO7e3nHA=="
    },
    "node_modules/depd": {
      "version": "2.0.0",
      "resolved": "https://registry.npmjs.org/depd/-/depd-2.0.0.tgz",
      "integrity": "sha512-g7nH6P6dyDhLTcsvgnNK3FFSwglggNMUxlQWAZQqwonwUnnDwD2aCP2jMD/07aLID319s0f20K/jKavlHLXQ5w=="
    },
    "node_modules/destroy": {
      "version": "1.2.0",
      "resolved": "https://registry.npmjs.org/destroy/-/destroy-1.2.0.tgz",
      "integrity": "sha512-2sJGJTzSqxeUkzzjEJQOUcJ5k/kCFmnj0raUMv5or8/N/34Ff10z7E2R3fa0ga9Knqt8FluxJtMmqUzhWAWVOw=="
    },
    "node_modules/ee-first": {
      "version": "1.1.1",
      "resolved": "https://registry.npmjs.org/ee-first/-/ee-first-1.1.1.tgz",
      "integrity": "sha512-WMwm9LhRikLEJVKgQtHD7dAN6xB+6+bIZ7UwucJlzwSTkc+FToVqJaman7H0o6EV87P9gq94F1p/UVLqEzLC7w=="
    },
    "node_modules/encodeurl": {
      "version": "1.0.2",
      "resolved": "https://registry.npmjs.org/encodeurl/-/encodeurl-1.0.2.tgz",
      "integrity": "sha512-TPJYc7eY3cNuxEMcreen1a7PlMDLXMcjqDIERO7rjcoZ5+MozSsuKy5uVmeuqPkn+eYHE4Kj9QSQhললልእ"
    },
    "node_modules/escape-html": {
      "version": "1.0.3",
      "resolved": "https://registry.npmjs.org/escape-html/-/escape-html-1.0.3.tgz",
      "integrity": "sha512-NL9Xfc8F7QpLcDVVpXjIADvrxf23aIo3+CjT5MPJiFJ4hsqI3gzlKucMxiUw3007sSMnqac6CgvQSMbaPo8Ccw=="
    },
    "node_modules/express": {
      "version": "4.19.0",
      "resolved": "https://registry.npmjs.org/express/-/express-4.19.0.tgz",
      "integrity": "sha512-e7Jcv7RHRwin8JRUqIocFE6RSxzwg13nz+VkPGega+5+pcWc4cjAlXmwlั8w47+ZAkLq5xqSp4awUmegQHmzsw=="
    },
    "node_modules/finalhandler": {
      "version": "1.2.0",
      "resolved": "https://registry.npmjs.org/finalhandler/-/finalhandler-1.2.0.tgz",
      "integrity": "sha512-5uIcUVftla00BVtpCyDkl+1uS0VLb+13cr7dm+PCC5fqkjnZdCL+NQIcOvve+Ythanks=="
    },
    "node_modules/forwarded": {
      "version": "0.2.0",
      "resolved": "https://registry.npmjs.org/forwarded/-/forwarded-0.2.0.tgz",
      "integrity": "sha512-buRG0fpBtRHSTiVYYj3ZDgjlXEMPJfiKZLKwlBmCR4 UC+MwwwLiR+ terrZY87e7yLNMLcPGGbsTarkWpgUupFw=="
    },
    "node_modules/fresh": {
      "version": "0.8.0",
      "resolved": "https://registry.npmjs.org/fresh/-/fresh-0.8.0.tgz",
      "integrity": "sha512-LSw8Trser1dkYEREo3mhCC9P5twNwIJ+8NzyCMVZ1Lg4Zm8d/CzqMu6iClAICjYL430Uu5sHJlama3XNTV5gyg=="
    },
    "node_modules/function-bind": {
      "version": "1.1.2",
      "resolved": "https://registry.npmjs.org/function-bind/-/function-bind-1.1.2.tgz",
      "integrity": "sha512-7XHNxH7qX9xG5mIwxkhumTox/CwDEQjLEedLY7S42Z5/6ptNFmsM4 opgKDkSksZUtEYNYVxVfstNC/dAkSoqBQ=="
    },
    "node_modules/get-intrinsic": {
      "version": "1.2.4",
      "resolved": "https://registry.npmjs.org/get-intrinsic/-/get-intrinsic-1.2.4.tgz",
      "integrity": "sha512-5uYhsJH8VJBTQx+fCMZvKyJWd0jlfAB7DlwNrVinsVy97sQvnr5AfNOSnRneWrFuVMlV9SnqlbOksm4mLLwJ2w=="
    },
    "node_modules/has": {
      "version": "1.0.4",
      "resolved": "https://registry.npmjs.org/has/-/has-1.0.4.tgz",
      "integrity": "sha512-qdSAmqLF6209RwIUUri/P0EpMrWQBiFSjnSjTh3OCqNawi86PCJqWEr/yJpHLw5I7vm+SJOE3pLFMFQvgr35gA=="
    },
    "node_modules/hasown": {
      "version": "2.0.1",
      "resolved": "https://registry.npmjs.org/hasown/-/hasown-2.0.1.tgz",
      "integrity": "sha512-1/th4MHjnwncqaLcvbyzoIyM92w+B6KLhG2l7DFQo3CW9N7MmvhMV76j7mV0pferf9dcglf8vVefibqPIWgV8w=="
    },
    "node_modules/http-errors": {
      "version": "2.0.0",
      "resolved": "https://registry.npmjs.org/http-errors/-/http-errors-2.0.0.tgz",
      "integrity": "sha512-FtwxlvfIDKOce2L8hxvroniNpa9+kxiMD7IIoubI+E1KvlrwVl+z2qwmtin5Y7mAZc3mya0aIvxyMhdItW50Zh5Q=="
    },
    "node_modules/iconv-lite": {
      "version": "0.4.24",
      "resolved": "https://registry.npmjs.org/iconv-lite/-/iconv-lite-0.4.24.tgz",
      "integrity": "sha512-v3MJ3agoNV23p5yreQdrND1SORXU7QVjRFRH2B0stB+IqdNyDiCo/XZIr7f3wyecPJknjskXfqeuL+VqO7h7mA=="
    },
    "node_modules/inherits": {
      "version": "2.0.4",
      "resolved": "https://registry.npmjs.org/inherits/-/inherits-2.0.4.tgz",
      "integrity": "sha512-k/vGaX4/Yla3WzyMsP9HL8v7PDVVynB6aSLfDCFcqq3/gW2+13CwPhBHWrgode4YriQYUnag6rfsoQv3vgvXeQ=="
    },
    "node_modules/ipaddr.js": {
      "version": "1.9.1",
      "resolved": "https://registry.npmjs.org/ipaddr.js/-/ipaddr.js-1.9.1.tgz",
      "integrity": "sha512-0KI/607xoxSToH7GjN1FfSbLoU0cR8LwRyX34K0+gVJ/DtJ5NkR5QlDu7sfUDVXhJ19DMUDYpnyIkSsjMHh+eyg=="
    },
    "node_modules/media-typer": {
      "version": "0.3.0",
      "resolved": "https://registry.npmjs.org/media-typer/-/media-typer-0.3.0.tgz",
      "integrity": "sha512-dq+qelQ9akHpcOl/gCwZE05FOQnjDRmF46+sASQanasxUTSTrlMWfqcrLvwQsjv7jef+UcEWD94V3V0Me9GQ0w=="
    },
    "node_modules/merge-descriptors": {
      "version": "1.0.1",
      "resolved": "https://registry.npmjs.org/merge-descriptors/-/merge-descriptors-1.0.1.tgz",
      "integrity": "sha512-cCi6g3/Zr1iqQi6ySbseM1Xvooa98xMslT4tNERTZVFJXd1d8C+sSchGYwD7pzQTL+b3j4XlUI4o3+naCPuQw=="
    },
    "node_modules/methods": {
      "version": "1.1.2",
      "resolved": "https://registry.npmjs.org/methods/-/methods-1.1.2.tgz",
      "integrity": "sha512-iclmVSWpl56gxjbvNRg3e5+aLX3MNtuotro7JcZ97MK0yucWassVFo6klHCF0godjeiplYUorLSkznecEjRrXZg=="
    },
    "node_modules/mime": {
      "version": "1.6.0",
      "resolved": "https://registry.npmjs.org/mime/-/mime-1.6.0.tgz",
      "integrity": "sha512-x0Vn8spI+wuJ1O6S7gnbaQsDGjSstSWFO+3fanBBHt+EH5ax8FOTL7nixpYaS29icwinzlrKek3QCcuSNmr6Zw=="
    },
    "node_modules/ms": {
      "version": "2.0.0",
      "resolved": "https://registry.npmjs.org/ms/-/ms-2.0.0.tgz",
      "integrity": "sha512-Tpp60B2wHFiRi5sI0ddbQeu2zJ9SP0ZstqXysrjeMY+67DfNaIqtnoUfZbcVCX2qkWpmRoulla4QksuvlSUznQ=="
    },
    "node_modules/negotiator": {
      "version": "0.6.3",
      "resolved": "https://registry.npmjs.org/negotiator/-/negotiator-0.6.3.tgz",
      "integrity": "sha512-+EUsqGPLsM+j/zdcvnFrabjnBEXoB9yWQf1ZYLImLmZoE1XEYLfilZ5T5cvxOf4BESuRE4bea8JH9ubtDNklQA=="
    },
    "node_modules/object-inspect": {
      "version": "1.13.1",
      "resolved": "https://registry.npmjs.org/object-inspect/-/object-inspect-1.13.1.tgz",
      "integrity": "sha512-5qoj1RUiKOMsCCNLV1CBiPYE10sYSua+3mBBK0pb7DjsZ9LBKlcc7N+O+988jRvD/6YW6ziFQec2S06trBSstQ=="
    },
    "node_modules/on-finished": {
      "version": "2.4.1",
      "resolved": "https://registry.npmjs.org/on-finished/-/on-finished-2.4.1.tgz",
      "integrity": "sha512-oVlzkg3ENL7D/M8sMVmeQV9QZNrqe/S2PJMqUO8m5hsZANrKendlJ3OF2is61jljniDva/+hrLwpDJAModhcaQ=="
    },
    "node_modules/parse-json": {
      "version": "5.2.0",
      "resolved": "https://registry.npmjs.org/parse-json/-/parse-json-5.2.0.tgz",
      "integrity": "sha512-ayCKvm/phCGxOkYRSCM82iDwct8/EYNLp3KKUQkTKxxF2ggyMGga9DHvHc2Z4qSsV38D8qV63T60Bl7wXwY88w=="
    },
    "node_modules/parseurl": {
      "version": "1.3.3",
      "resolved": "https://registry.npmjs.org/parseurl/-/parseurl-1.3.3.tgz",
      "integrity": "sha512-CiyeOxFT/JZyN5m0z9PfXw4SCBJ5Uj12a0cO7V6p1Ic7q7M8M7F3VEQz5ksRM5+IjZmA0cv2cXl0151DByVqw=="
    },
    "node_modules/path-to-regexp": {
      "version": "0.1.7",
      "resolved": "https://registry.npmjs.org/path-to-regexp/-/path-to-regexp-0.1.7.tgz",
      "integrity": "sha512-5DFkuoqlOAYt+TqpClanpaSqvw7YVl15efSjaiWBcv2sp5NQYvCrNvGAK6Z+7jWI2Nhvilket+XpNjIMarkMwCYw=="
    },
    "node_modules/pg": {
      "version": "8.11.0",
      "resolved": "https://registry.npmjs.org/pg/-/pg-8.11.0.tgz",
      "integrity": "sha512-MRRpCX3Z2VTv4fuOuBWqmH1V0lJFpyHaVVZMa4khQn1/NlG/oqPGVwV/TcGgPNlAhCH18qZe8u9kHFrLlTF8w=="
    },
    "node_modules/proxy-addr": {
      "version": "2.0.7",
      "resolved": "https://registry.npmjs.org/proxy-addr/-/proxy-addr-2.0.7.tgz",
      "integrity": "sha512-llQsMLSUDMPpQl373cQJIRP8aPQVixMJUgVV6DI2vrY8xVQnafqacuwv+RjFZCrRblna9eX6FsKUSTVtMrkdNw=="
    },
    "node_modules/qs": {
      "version": "6.11.0",
      "resolved": "https://registry.npmjs.org/qs/-/qs-6.11.0.tgz",
      "integrity": "sha512-MvjoMCJwELg3R82k+tqglTJnbwycf53FJFNtcH5O87sFkY/KUTNJ+PqiRWk+B3fsw/competox4e9HxaXo6Rxok==J"
    },
    "node_modules/range-parser": {
      "version": "1.2.1",
      "resolved": "https://registry.npmjs.org/range-parser/-/range-parser-1.2.1.tgz",
      "integrity": "sha512-Hrgaw/ohGQzz7yLuNn3G00Cth5liwKzvqTrGiFlNJCBLOVviq4Auyh5bg7erNXNetv7f/MNPqLenEWUGt0jNUw=="
    },
    "node_modules/raw-body": {
      "version": "2.5.2",
      "resolved": "https://registry.npmjs.org/raw-body/-/raw-body-2.5.2.tgz",
      "integrity": "sha512-8zGqypfENlOp6TA1cirXmCWSA0/6n+zRT51p23ggEF+29qcSLksrxQxzLE+MvkWQ9setup+d3Icp+E5b+KSjqQ=="
    },
    "node_modules/safe-buffer": {
      "version": "5.2.1",
      "resolved": "https://registry.npmjs.org/safe-buffer/-/safe-buffer-5.2.1.tgz",
      "integrity": "sha512-rp3So07KcdmmKbGvgXeL6rwlDaYc/MJIstAO9mTBQI89d5qTnws9r4rREsnieb4NJAiru0dCF1zobFFTWGe0sg=="
    },
    "node_modules/safer-buffer": {
      "version": "2.1.2",
      "resolved": "https://registry.npmjs.org/safer-buffer/-/safer-buffer-2.1.2.tgz",
      "integrity": "sha512-YZo3K82SD7Riyi0E1ckCwKILA2bstCooda9m7QbAn8i5q8RZqaN7djqDP+88aAzKa+tYbf+AatXaYJ9QC7V1qg=="
    },
    "node_modules/send": {
      "version": "0.18.0",
      "resolved": "https://registry.npmjs.org/send/-/send-0.18.0.tgz",
      "integrity": "sha512-qqWzuiRcP6esPLEAEIwnaQC+/Z6EhVTamjeeFiSJ4qLljXUNc6b8aq9qZyF5MsFwOB10f178Y5o64Al50mZ+zA=="
    },
    "node_modules/serve-static": {
      "version": "1.15.0",
      "resolved": "https://registry.npmjs.org/serve-static/-/serve-static-1.15.0.tgz",
      "integrity": "sha512-XGuRDNjXUijsUL0vl14g/gG2a76scoFNwc0cnlrBZE63rItvQvl0knndKYoSTyREtflsbBmw5v7/fNCVWoVCDg=="
    },
    "node_modules/setprototypeof": {
      "version": "1.2.0",
      "resolved": "https://registry.npmjs.org/setprototypeof/-/setprototypeof-1.2.0.tgz",
      "integrity": "sha512-E5LDX7Wrp76Kqqy5ZQJ6DL2922z8mjChbnbNrWn0BOBJUGIZIYREIA3pxMoylNfLbg6sSLDmb+2RPxZpnoDljQ=="
    },
    "node_modules/statuses": {
      "version": "2.0.1",
      "resolved": "https://registry.npmjs.org/statuses/-/statuses-2.0.1.tgz",
      "integrity": "sha512-RwNA9Z/7PrvrzQccJMu9C3zqvC3RHujzZIlyvT9lS4nflqrHl8rNgZlM2UL2/wDW8MTn1sM6nE6tpmKC1i3DWw=="
    },
    "node_modules/toidentifier": {
      "version": "1.0.1",
      "resolved": "https://registry.npmjs.org/toidentifier/-/toidentifier-1.0.1.tgz",
      "integrity": "sha512-o5sSPKiC9SkVkNmVj2KXO+PaKSvNNSvgBFDAN4nWPI2dspLF5NfLSe7YYw4ijULdH3cVUIoEM2K8M7mWJkVsw=="
    },
    "node_modules/type-is": {
      "version": "1.6.18",
      "resolved": "https://registry.npmjs.org/type-is/-/type-is-1.6.18.tgz",
      "integrity": "sha512-TkRKr9sUTxEH8MdfuCSP7VizJyzRDMjVIiS4JS+fubvm/QOOUZmwJlH7l1cjSkOgNFaGlowDl8rf537 FvRbVAEg=="
    },
    "node_modules/unpipe": {
      "version": "1.0.0",
      "resolved": "https://registry.npmjs.org/unpipe/-/unpipe-1.0.0.tgz",
      "integrity": "sha512-pjy2bYhSsufwWlVwNFHl/p4SfYe9/udiQstJ08GvB5gSFGgwREw2qtVLw2//D2PVcrying+9Z6t//jMogndQjqg=="
    },
    "node_modules/utils-merge": {
      "version": "1.0.1",
      "resolved": "https://registry.npmjs.org/utils-merge/-/utils-merge-1.0.1.tgz",
      "integrity": "sha512-pMZTvIkS1kseSJzDW8DKO8+YhmmrM1S3nFZhB/j860G08rYwvLvsy15nt8QJaXyP8MZPlsc7/+pdutbXvM8vA=="
    },
    "node_modules/vary": {
      "version": "1.1.2",
      "resolved": "https://registry.npmjs.org/vary/-/vary-1.1.2.tgz",
      "integrity": "sha512-BNGbWLfd0FlwcVIA+aH1kZRTcqS7vs9K9KghwzEVhsnt4Hy3jMQDP2NoJXRQNf7dOFLScNqWiscxSkpAToYefw=="
    }
  }
}
